# THIS IS AN AUTOGENERATED FILE. DO NOT EDIT THIS FILE DIRECTLY.
# yarn lockfile v1


"@hotwired/stimulus@^3.0.0-rc.1":
  version "3.0.0-rc.1"
  resolved "https://registry.yarnpkg.com/@hotwired/stimulus/-/stimulus-3.0.0-rc.1.tgz#0642e95d3b6a289132fafa2bc5f2106d65b7bb2b"
  integrity sha512-PIoNcZaGYn6ECTIPOf0nnvH7iSyD9QHY99pWvrYhqOymx+z3vmSPsZAeh3DXqxGe0FOgdtDrRfN339F4E7DL9g==
